{
  "version": 4,
  "terraform_version": "1.3.6",
  "serial": 7,
  "lineage": "c72fb001-2354-2342-cb25-67668e01bb57",
  "outputs": {},
  "resources": [
    {
      "mode": "managed",
      "type": "google_cloudfunctions2_function",
      "name": "function",
      "provider": "provider[\"registry.terraform.io/hashicorp/google\"]",
      "instances": [
        {
          "schema_version": 0,
          "attributes": {
            "build_config": [
              {
                "build": "projects/923961404233/locations/us-central1/builds/aee67dcd-c5dc-4bcb-8bf4-9a57b94a7028",
                "docker_repository": "",
                "entry_point": "HelloHTTP",
                "environment_variables": {},
                "runtime": "go119",
                "source": [
                  {
                    "repo_source": [],
                    "storage_source": [
                      {
                        "bucket": "illuminating_gcp_trigger",
                        "generation": 0,
                        "object": "illuminating-gosource.zip"
                      }
                    ]
                  }
                ],
                "worker_pool": ""
              }
            ],
            "description": "function from terraform script using go 1.19",
            "environment": "GEN_2",
            "event_trigger": [],
            "id": "projects/illuminatingdeposits-gcp/locations/us-central1/functions/illuminating-deposits-vzeropoint1",
            "labels": {},
            "location": "us-central1",
            "name": "illuminating-deposits-vzeropoint1",
            "project": "illuminatingdeposits-gcp",
            "service_config": [
              {
                "all_traffic_on_latest_revision": true,
                "available_memory": "128",
                "environment_variables": {},
                "gcf_uri": "",
                "ingress_settings": "ALLOW_ALL",
                "max_instance_count": 1,
                "min_instance_count": 0,
                "secret_environment_variables": [],
                "secret_volumes": [],
                "service": "projects/illuminatingdeposits-gcp/locations/us-central1/services/illuminating-deposits-vzeropoint1",
                "service_account_email": "923961404233-compute@developer.gserviceaccount.com",
                "timeout_seconds": 60,
                "uri": "https://illuminating-deposits-vzeropoint1-2fzqdixaqa-uc.a.run.app",
                "vpc_connector": "",
                "vpc_connector_egress_settings": ""
              }
            ],
            "state": "ACTIVE",
            "timeouts": null,
            "update_time": "2023-01-24T17:37:37.613431976Z"
          },
          "sensitive_attributes": [],
          "private": "eyJlMmJmYjczMC1lY2FhLTExZTYtOGY4OC0zNDM2M2JjN2M0YzAiOnsiY3JlYXRlIjozNjAwMDAwMDAwMDAwLCJkZWxldGUiOjM2MDAwMDAwMDAwMDAsInVwZGF0ZSI6MzYwMDAwMDAwMDAwMH19",
          "dependencies": [
            "google_storage_bucket.illuminating_bucket",
            "google_storage_bucket_object.illuminating_src_code"
          ]
        }
      ]
    },
    {
      "mode": "managed",
      "type": "google_storage_bucket",
      "name": "illuminating_bucket",
      "provider": "provider[\"registry.terraform.io/hashicorp/google\"]",
      "instances": [
        {
          "schema_version": 0,
          "attributes": {
            "autoclass": [],
            "cors": [],
            "custom_placement_config": [],
            "default_event_based_hold": false,
            "encryption": [],
            "force_destroy": false,
            "id": "illuminating_gcp_trigger",
            "labels": {},
            "lifecycle_rule": [],
            "location": "US",
            "logging": [],
            "name": "illuminating_gcp_trigger",
            "project": "illuminatingdeposits-gcp",
            "public_access_prevention": "inherited",
            "requester_pays": false,
            "retention_policy": [],
            "self_link": "https://www.googleapis.com/storage/v1/b/illuminating_gcp_trigger",
            "storage_class": "STANDARD",
            "timeouts": null,
            "uniform_bucket_level_access": false,
            "url": "gs://illuminating_gcp_trigger",
            "versioning": [],
            "website": []
          },
          "sensitive_attributes": [],
          "private": "eyJlMmJmYjczMC1lY2FhLTExZTYtOGY4OC0zNDM2M2JjN2M0YzAiOnsiY3JlYXRlIjoyNDAwMDAwMDAwMDAsInJlYWQiOjI0MDAwMDAwMDAwMCwidXBkYXRlIjoyNDAwMDAwMDAwMDB9fQ=="
        }
      ]
    },
    {
      "mode": "managed",
      "type": "google_storage_bucket_object",
      "name": "illuminating_src_code",
      "provider": "provider[\"registry.terraform.io/hashicorp/google\"]",
      "instances": [
        {
          "schema_version": 0,
          "attributes": {
            "bucket": "illuminating_gcp_trigger",
            "cache_control": "",
            "content": null,
            "content_disposition": "",
            "content_encoding": "",
            "content_language": "",
            "content_type": "application/zip",
            "crc32c": "DzCRFg==",
            "customer_encryption": [],
            "detect_md5hash": "hdkrOE5T8teNw2hLrzAgRg==",
            "event_based_hold": false,
            "id": "illuminating_gcp_trigger-illuminating-gosource.zip",
            "kms_key_name": "",
            "md5hash": "hdkrOE5T8teNw2hLrzAgRg==",
            "media_link": "https://storage.googleapis.com/download/storage/v1/b/illuminating_gcp_trigger/o/illuminating-gosource.zip?generation=1674581781242689\u0026alt=media",
            "metadata": {},
            "name": "illuminating-gosource.zip",
            "output_name": "illuminating-gosource.zip",
            "self_link": "https://www.googleapis.com/storage/v1/b/illuminating_gcp_trigger/o/illuminating-gosource.zip",
            "source": "illuminating-gosource.zip",
            "storage_class": "STANDARD",
            "temporary_hold": false,
            "timeouts": null
          },
          "sensitive_attributes": [],
          "private": "eyJlMmJmYjczMC1lY2FhLTExZTYtOGY4OC0zNDM2M2JjN2M0YzAiOnsiY3JlYXRlIjoyNDAwMDAwMDAwMDAsImRlbGV0ZSI6MjQwMDAwMDAwMDAwLCJ1cGRhdGUiOjI0MDAwMDAwMDAwMH19",
          "dependencies": [
            "google_storage_bucket.illuminating_bucket"
          ]
        }
      ]
    }
  ],
  "check_results": null
}
